// !$*UTF8*$!
{
	archiveVersion = 1;
	classes = {
	};
	objectVersion = 55;
	objects = {

/* Begin PBXBuildFile section */
		8061488F27CE337A0034ABC8 /* Color+Extension.swift in Sources */ = {isa = PBXBuildFile; fileRef = 8061488E27CE337A0034ABC8 /* Color+Extension.swift */; };
		8061489227CE34900034ABC8 /* Guess.swift in Sources */ = {isa = PBXBuildFile; fileRef = 8061489127CE34900034ABC8 /* Guess.swift */; };
		8061489527CE385A0034ABC8 /* GuessView.swift in Sources */ = {isa = PBXBuildFile; fileRef = 8061489427CE385A0034ABC8 /* GuessView.swift */; };
		8061489827CE3A220034ABC8 /* WordleDataModel.swift in Sources */ = {isa = PBXBuildFile; fileRef = 8061489727CE3A220034ABC8 /* WordleDataModel.swift */; };
		8061489A27CE3B830034ABC8 /* Global.swift in Sources */ = {isa = PBXBuildFile; fileRef = 8061489927CE3B830034ABC8 /* Global.swift */; };
		80A1B7F427CDFB0500868231 /* Launch Screen.storyboard in Resources */ = {isa = PBXBuildFile; fileRef = 80A1B7F327CDFB0500868231 /* Launch Screen.storyboard */; };
		80D1EE4627CDF01A00F1B2F9 /* WordleApp.swift in Sources */ = {isa = PBXBuildFile; fileRef = 80D1EE4527CDF01A00F1B2F9 /* WordleApp.swift */; };
		80D1EE4827CDF01A00F1B2F9 /* GameView.swift in Sources */ = {isa = PBXBuildFile; fileRef = 80D1EE4727CDF01A00F1B2F9 /* GameView.swift */; };
		80D1EE4A27CDF01D00F1B2F9 /* Assets.xcassets in Resources */ = {isa = PBXBuildFile; fileRef = 80D1EE4927CDF01D00F1B2F9 /* Assets.xcassets */; };
		80D1EE4D27CDF01D00F1B2F9 /* Preview Assets.xcassets in Resources */ = {isa = PBXBuildFile; fileRef = 80D1EE4C27CDF01D00F1B2F9 /* Preview Assets.xcassets */; };
/* End PBXBuildFile section */

/* Begin PBXFileReference section */
		8061488E27CE337A0034ABC8 /* Color+Extension.swift */ = {isa = PBXFileReference; lastKnownFileType = sourcecode.swift; path = "Color+Extension.swift"; sourceTree = "<group>"; };
		8061489127CE34900034ABC8 /* Guess.swift */ = {isa = PBXFileReference; lastKnownFileType = sourcecode.swift; path = Guess.swift; sourceTree = "<group>"; };
		8061489427CE385A0034ABC8 /* GuessView.swift */ = {isa = PBXFileReference; lastKnownFileType = sourcecode.swift; path = GuessView.swift; sourceTree = "<group>"; };
		8061489727CE3A220034ABC8 /* WordleDataModel.swift */ = {isa = PBXFileReference; lastKnownFileType = sourcecode.swift; path = WordleDataModel.swift; sourceTree = "<group>"; };
		8061489927CE3B830034ABC8 /* Global.swift */ = {isa = PBXFileReference; lastKnownFileType = sourcecode.swift; path = Global.swift; sourceTree = "<group>"; };
		80A1B7F327CDFB0500868231 /* Launch Screen.storyboard */ = {isa = PBXFileReference; lastKnownFileType = file.storyboard; path = "Launch Screen.storyboard"; sourceTree = "<group>"; };
		80D1EE4227CDF01A00F1B2F9 /* Wordle.app */ = {isa = PBXFileReference; explicitFileType = wrapper.application; includeInIndex = 0; path = Wordle.app; sourceTree = BUILT_PRODUCTS_DIR; };
		80D1EE4527CDF01A00F1B2F9 /* WordleApp.swift */ = {isa = PBXFileReference; lastKnownFileType = sourcecode.swift; path = WordleApp.swift; sourceTree = "<group>"; };
		80D1EE4727CDF01A00F1B2F9 /* GameView.swift */ = {isa = PBXFileReference; lastKnownFileType = sourcecode.swift; path = GameView.swift; sourceTree = "<group>"; };
		80D1EE4927CDF01D00F1B2F9 /* Assets.xcassets */ = {isa = PBXFileReference; lastKnownFileType = folder.assetcatalog; path = Assets.xcassets; sourceTree = "<group>"; };
		80D1EE4C27CDF01D00F1B2F9 /* Preview Assets.xcassets */ = {isa = PBXFileReference; lastKnownFileType = folder.assetcatalog; path = "Preview Assets.xcassets"; sourceTree = "<group>"; };
/* End PBXFileReference section */

/* Begin PBXFrameworksBuildPhase section */
		80D1EE3F27CDF01A00F1B2F9 /* Frameworks */ = {
			isa = PBXFrameworksBuildPhase;
			buildActionMask = 2147483647;
			files = (
			);
			runOnlyForDeploymentPostprocessing = 0;
		};
/* End PBXFrameworksBuildPhase section */

/* Begin PBXGroup section */
		8061488D27CE33450034ABC8 /* Extensions */ = {
			isa = PBXGroup;
			children = (
				8061488E27CE337A0034ABC8 /* Color+Extension.swift */,
			);
			path = Extensions;
			sourceTree = "<group>";
		};
		8061489027CE346D0034ABC8 /* Models */ = {
			isa = PBXGroup;
			children = (
				8061489127CE34900034ABC8 /* Guess.swift */,
				8061489927CE3B830034ABC8 /* Global.swift */,
			);
			path = Models;
			sourceTree = "<group>";
		};
		8061489327CE36C90034ABC8 /* Views */ = {
			isa = PBXGroup;
			children = (
				80D1EE4727CDF01A00F1B2F9 /* GameView.swift */,
				8061489427CE385A0034ABC8 /* GuessView.swift */,
			);
			path = Views;
			sourceTree = "<group>";
		};
		8061489627CE39E30034ABC8 /* ViewModels */ = {
			isa = PBXGroup;
			children = (
				8061489727CE3A220034ABC8 /* WordleDataModel.swift */,
			);
			path = ViewModels;
			sourceTree = "<group>";
		};
		80D1EE3927CDF01A00F1B2F9 = {
			isa = PBXGroup;
			children = (
				80D1EE4427CDF01A00F1B2F9 /* Wordle */,
				80D1EE4327CDF01A00F1B2F9 /* Products */,
			);
			sourceTree = "<group>";
		};
		80D1EE4327CDF01A00F1B2F9 /* Products */ = {
			isa = PBXGroup;
			children = (
				80D1EE4227CDF01A00F1B2F9 /* Wordle.app */,
			);
			name = Products;
			sourceTree = "<group>";
		};
		80D1EE4427CDF01A00F1B2F9 /* Wordle */ = {
			isa = PBXGroup;
			children = (
				80D1EE4527CDF01A00F1B2F9 /* WordleApp.swift */,
				8061489327CE36C90034ABC8 /* Views */,
				8061489027CE346D0034ABC8 /* Models */,
				8061489627CE39E30034ABC8 /* ViewModels */,
				8061488D27CE33450034ABC8 /* Extensions */,
				80D1EE4927CDF01D00F1B2F9 /* Assets.xcassets */,
				80A1B7F327CDFB0500868231 /* Launch Screen.storyboard */,
				80D1EE4B27CDF01D00F1B2F9 /* Preview Content */,
			);
			path = Wordle;
			sourceTree = "<group>";
		};
		80D1EE4B27CDF01D00F1B2F9 /* Preview Content */ = {
			isa = PBXGroup;
			children = (
				80D1EE4C27CDF01D00F1B2F9 /* Preview Assets.xcassets */,
			);
			path = "Preview Content";
			sourceTree = "<group>";
		};
/* End PBXGroup section */

/* Begin PBXNativeTarget section */
		80D1EE4127CDF01A00F1B2F9 /* Wordle */ = {
			isa = PBXNativeTarget;
			buildConfigurationList = 80D1EE5027CDF01D00F1B2F9 /* Build configuration list for PBXNativeTarget "Wordle" */;
			buildPhases = (
				80D1EE3E27CDF01A00F1B2F9 /* Sources */,
				80D1EE3F27CDF01A00F1B2F9 /* Frameworks */,
				80D1EE4027CDF01A00F1B2F9 /* Resources */,
			);
			buildRules = (
			);
			dependencies = (
			);
			name = Wordle;
			productName = Wordle;
			productReference = 80D1EE4227CDF01A00F1B2F9 /* Wordle.app */;
			productType = "com.apple.product-type.application";
		};
/* End PBXNativeTarget section */

/* Begin PBXProject section */
		80D1EE3A27CDF01A00F1B2F9 /* Project object */ = {
			isa = PBXProject;
			attributes = {
				BuildIndependentTargetsInParallel = 1;
				LastSwiftUpdateCheck = 1320;
				LastUpgradeCheck = 1320;
				TargetAttributes = {
					80D1EE4127CDF01A00F1B2F9 = {
						CreatedOnToolsVersion = 13.2.1;
					};
				};
			};
			buildConfigurationList = 80D1EE3D27CDF01A00F1B2F9 /* Build configuration list for PBXProject "Wordle" */;
			compatibilityVersion = "Xcode 13.0";
			developmentRegion = en;
			hasScannedForEncodings = 0;
			knownRegions = (
				en,
				Base,
			);
			mainGroup = 80D1EE3927CDF01A00F1B2F9;
			productRefGroup = 80D1EE4327CDF01A00F1B2F9 /* Products */;
			projectDirPath = "";
			projectRoot = "";
			targets = (
				80D1EE4127CDF01A00F1B2F9 /* Wordle */,
			);
		};
/* End PBXProject section */

/* Begin PBXResourcesBuildPhase section */
		80D1EE4027CDF01A00F1B2F9 /* Resources */ = {
			isa = PBXResourcesBuildPhase;
			buildActionMask = 2147483647;
			files = (
				80A1B7F427CDFB0500868231 /* Launch Screen.storyboard in Resources */,
				80D1EE4D27CDF01D00F1B2F9 /* Preview Assets.xcassets in Resources */,
				80D1EE4A27CDF01D00F1B2F9 /* Assets.xcassets in Resources */,
			);
			runOnlyForDeploymentPostprocessing = 0;
		};
/* End PBXResourcesBuildPhase section */

/* Begin PBXSourcesBuildPhase section */
		80D1EE3E27CDF01A00F1B2F9 /* Sources */ = {
			isa = PBXSourcesBuildPhase;
			buildActionMask = 2147483647;
			files = (
				80D1EE4827CDF01A00F1B2F9 /* GameView.swift in Sources */,
				8061489527CE385A0034ABC8 /* GuessView.swift in Sources */,
				8061489227CE34900034ABC8 /* Guess.swift in Sources */,
				8061488F27CE337A0034ABC8 /* Color+Extension.swift in Sources */,
				8061489827CE3A220034ABC8 /* WordleDataModel.swift in Sources */,
				80D1EE4627CDF01A00F1B2F9 /* WordleApp.swift in Sources */,
				8061489A27CE3B830034ABC8 /* Global.swift in Sources */,
			);
			runOnlyForDeploymentPostprocessing = 0;
		};
/* End PBXSourcesBuildPhase section */

/* Begin XCBuildConfiguration section */
		80D1EE4E27CDF01D00F1B2F9 /* Debug */ = {
			isa = XCBuildConfiguration;
			buildSettings = {
				ALWAYS_SEARCH_USER_PATHS = NO;
				CLANG_ANALYZER_NONNULL = YES;
				CLANG_ANALYZER_NUMBER_OBJECT_CONVERSION = YES_AGGRESSIVE;
				CLANG_CXX_LANGUAGE_STANDARD = "gnu++17";
				CLANG_CXX_LIBRARY = "libc++";
				CLANG_ENABLE_MODULES = YES;
				CLANG_ENABLE_OBJC_ARC = YES;
				CLANG_ENABLE_OBJC_WEAK = YES;
				CLANG_WARN_BLOCK_CAPTURE_AUTORELEASING = YES;
				CLANG_WARN_BOOL_CONVERSION = YES;
				CLANG_WARN_COMMA = YES;
				CLANG_WARN_CONSTANT_CONVERSION = YES;
				CLANG_WARN_DEPRECATED_OBJC_IMPLEMENTATIONS = YES;
				CLANG_WARN_DIRECT_OBJC_ISA_USAGE = YES_ERROR;
				CLANG_WARN_DOCUMENTATION_COMMENTS = YES;
				CLANG_WARN_EMPTY_BODY = YES;
				CLANG_WARN_ENUM_CONVERSION = YES;
				CLANG_WARN_INFINITE_RECURSION = YES;
				CLANG_WARN_INT_CONVERSION = YES;
				CLANG_WARN_NON_LITERAL_NULL_CONVERSION = YES;
				CLANG_WARN_OBJC_IMPLICIT_RETAIN_SELF = YES;
				CLANG_WARN_OBJC_LITERAL_CONVERSION = YES;
				CLANG_WARN_OBJC_ROOT_CLASS = YES_ERROR;
				CLANG_WARN_QUOTED_INCLUDE_IN_FRAMEWORK_HEADER = YES;
				CLANG_WARN_RANGE_LOOP_ANALYSIS = YES;
				CLANG_WARN_STRICT_PROTOTYPES = YES;
				CLANG_WARN_SUSPICIOUS_MOVE = YES;
				CLANG_WARN_UNGUARDED_AVAILABILITY = YES_AGGRESSIVE;
				CLANG_WARN_UNREACHABLE_CODE = YES;
				CLANG_WARN__DUPLICATE_METHOD_MATCH = YES;
				COPY_PHASE_STRIP = NO;
				DEBUG_INFORMATION_FORMAT = dwarf;
				ENABLE_STRICT_OBJC_MSGSEND = YES;
				ENABLE_TESTABILITY = YES;
				GCC_C_LANGUAGE_STANDARD = gnu11;
				GCC_DYNAMIC_NO_PIC = NO;
				GCC_NO_COMMON_BLOCKS = YES;
				GCC_OPTIMIZATION_LEVEL = 0;
				GCC_PREPROCESSOR_DEFINITIONS = (
					"DEBUG=1",
					"$(inherited)",
				);
				GCC_WARN_64_TO_32_BIT_CONVERSION = YES;
				GCC_WARN_ABOUT_RETURN_TYPE = YES_ERROR;
				GCC_WARN_UNDECLARED_SELECTOR = YES;
				GCC_WARN_UNINITIALIZED_AUTOS = YES_AGGRESSIVE;
				GCC_WARN_UNUSED_FUNCTION = YES;
				GCC_WARN_UNUSED_VARIABLE = YES;
				IPHONEOS_DEPLOYMENT_TARGET = 15.2;
				MTL_ENABLE_DEBUG_INFO = INCLUDE_SOURCE;
				MTL_FAST_MATH = YES;
				ONLY_ACTIVE_ARCH = YES;
				SDKROOT = iphoneos;
				SWIFT_ACTIVE_COMPILATION_CONDITIONS = DEBUG;
				SWIFT_OPTIMIZATION_LEVEL = "-Onone";
			};
			name = Debug;
		};
		80D1EE4F27CDF01D00F1B2F9 /* Release */ = {
			isa = XCBuildConfiguration;
			buildSettings = {
				ALWAYS_SEARCH_USER_PATHS = NO;
				CLANG_ANALYZER_NONNULL = YES;
				CLANG_ANALYZER_NUMBER_OBJECT_CONVERSION = YES_AGGRESSIVE;
				CLANG_CXX_LANGUAGE_STANDARD = "gnu++17";
				CLANG_CXX_LIBRARY = "libc++";
				CLANG_ENABLE_MODULES = YES;
				CLANG_ENABLE_OBJC_ARC = YES;
				CLANG_ENABLE_OBJC_WEAK = YES;
				CLANG_WARN_BLOCK_CAPTURE_AUTORELEASING = YES;
				CLANG_WARN_BOOL_CONVERSION = YES;
				CLANG_WARN_COMMA = YES;
				CLANG_WARN_CONSTANT_CONVERSION = YES;
				CLANG_WARN_DEPRECATED_OBJC_IMPLEMENTATIONS = YES;
				CLANG_WARN_DIRECT_OBJC_ISA_USAGE = YES_ERROR;
				CLANG_WARN_DOCUMENTATION_COMMENTS = YES;
				CLANG_WARN_EMPTY_BODY = YES;
				CLANG_WARN_ENUM_CONVERSION = YES;
				CLANG_WARN_INFINITE_RECURSION = YES;
				CLANG_WARN_INT_CONVERSION = YES;
				CLANG_WARN_NON_LITERAL_NULL_CONVERSION = YES;
				CLANG_WARN_OBJC_IMPLICIT_RETAIN_SELF = YES;
				CLANG_WARN_OBJC_LITERAL_CONVERSION = YES;
				CLANG_WARN_OBJC_ROOT_CLASS = YES_ERROR;
				CLANG_WARN_QUOTED_INCLUDE_IN_FRAMEWORK_HEADER = YES;
				CLANG_WARN_RANGE_LOOP_ANALYSIS = YES;
				CLANG_WARN_STRICT_PROTOTYPES = YES;
				CLANG_WARN_SUSPICIOUS_MOVE = YES;
				CLANG_WARN_UNGUARDED_AVAILABILITY = YES_AGGRESSIVE;
				CLANG_WARN_UNREACHABLE_CODE = YES;
				CLANG_WARN__DUPLICATE_METHOD_MATCH = YES;
				COPY_PHASE_STRIP = NO;
				DEBUG_INFORMATION_FORMAT = "dwarf-with-dsym";
				ENABLE_NS_ASSERTIONS = NO;
				ENABLE_STRICT_OBJC_MSGSEND = YES;
				GCC_C_LANGUAGE_STANDARD = gnu11;
				GCC_NO_COMMON_BLOCKS = YES;
				GCC_WARN_64_TO_32_BIT_CONVERSION = YES;
				GCC_WARN_ABOUT_RETURN_TYPE = YES_ERROR;
				GCC_WARN_UNDECLARED_SELECTOR = YES;
				GCC_WARN_UNINITIALIZED_AUTOS = YES_AGGRESSIVE;
				GCC_WARN_UNUSED_FUNCTION = YES;
				GCC_WARN_UNUSED_VARIABLE = YES;
				IPHONEOS_DEPLOYMENT_TARGET = 15.2;
				MTL_ENABLE_DEBUG_INFO = NO;
				MTL_FAST_MATH = YES;
				SDKROOT = iphoneos;
				SWIFT_COMPILATION_MODE = wholemodule;
				SWIFT_OPTIMIZATION_LEVEL = "-O";
				VALIDATE_PRODUCT = YES;
			};
			name = Release;
		};
		80D1EE5127CDF01D00F1B2F9 /* Debug */ = {
			isa = XCBuildConfiguration;
			buildSettings = {
				ASSETCATALOG_COMPILER_APPICON_NAME = AppIcon;
				ASSETCATALOG_COMPILER_GLOBAL_ACCENT_COLOR_NAME = AccentColor;
				CODE_SIGN_STYLE = Automatic;
				CURRENT_PROJECT_VERSION = 1;
				DEVELOPMENT_ASSET_PATHS = "\"Wordle/Preview Content\"";
				DEVELOPMENT_TEAM = H9XS4L957H;
				ENABLE_PREVIEWS = YES;
				GENERATE_INFOPLIST_FILE = YES;
				INFOPLIST_KEY_UIApplicationSceneManifest_Generation = YES;
				INFOPLIST_KEY_UIApplicationSupportsIndirectInputEvents = YES;
				INFOPLIST_KEY_UILaunchScreen_Generation = YES;
				INFOPLIST_KEY_UILaunchStoryboardName = "Launch Screen";
				INFOPLIST_KEY_UIRequiresFullScreen = YES;
				INFOPLIST_KEY_UISupportedInterfaceOrientations_iPad = "UIInterfaceOrientationPortrait UIInterfaceOrientationPortraitUpsideDown UIInterfaceOrientationLandscapeLeft UIInterfaceOrientationLandscapeRight";
				INFOPLIST_KEY_UISupportedInterfaceOrientations_iPhone = UIInterfaceOrientationPortrait;
				LD_RUNPATH_SEARCH_PATHS = (
					"$(inherited)",
					"@executable_path/Frameworks",
				);
				MARKETING_VERSION = 1.0;
				PRODUCT_BUNDLE_IDENTIFIER = com.andredippenaar.Wordle;
				PRODUCT_NAME = "$(TARGET_NAME)";
				SWIFT_EMIT_LOC_STRINGS = YES;
				SWIFT_VERSION = 5.0;
				TARGETED_DEVICE_FAMILY = "1,2";
			};
			name = Debug;
		};
		80D1EE5227CDF01D00F1B2F9 /* Release */ = {
			isa = XCBuildConfiguration;
			buildSettings = {
				ASSETCATALOG_COMPILER_APPICON_NAME = AppIcon;
				ASSETCATALOG_COMPILER_GLOBAL_ACCENT_COLOR_NAME = AccentColor;
				CODE_SIGN_STYLE = Automatic;
				CURRENT_PROJECT_VERSION = 1;
				DEVELOPMENT_ASSET_PATHS = "\"Wordle/Preview Content\"";
				DEVELOPMENT_TEAM = H9XS4L957H;
				ENABLE_PREVIEWS = YES;
				GENERATE_INFOPLIST_FILE = YES;
				INFOPLIST_KEY_UIApplicationSceneManifest_Generation = YES;
				INFOPLIST_KEY_UIApplicationSupportsIndirectInputEvents = YES;
				INFOPLIST_KEY_UILaunchScreen_Generation = YES;
				INFOPLIST_KEY_UILaunchStoryboardName = "Launch Screen";
				INFOPLIST_KEY_UIRequiresFullScreen = YES;
				INFOPLIST_KEY_UISupportedInterfaceOrientations_iPad = "UIInterfaceOrientationPortrait UIInterfaceOrientationPortraitUpsideDown UIInterfaceOrientationLandscapeLeft UIInterfaceOrientationLandscapeRight";
				INFOPLIST_KEY_UISupportedInterfaceOrientations_iPhone = UIInterfaceOrientationPortrait;
				LD_RUNPATH_SEARCH_PATHS = (
					"$(inherited)",
					"@executable_path/Frameworks",
				);
				MARKETING_VERSION = 1.0;
				PRODUCT_BUNDLE_IDENTIFIER = com.andredippenaar.Wordle;
				PRODUCT_NAME = "$(TARGET_NAME)";
				SWIFT_EMIT_LOC_STRINGS = YES;
				SWIFT_VERSION = 5.0;
				TARGETED_DEVICE_FAMILY = "1,2";
			};
			name = Release;
		};
/* End XCBuildConfiguration section */

/* Begin XCConfigurationList section */
		80D1EE3D27CDF01A00F1B2F9 /* Build configuration list for PBXProject "Wordle" */ = {
			isa = XCConfigurationList;
			buildConfigurations = (
				80D1EE4E27CDF01D00F1B2F9 /* Debug */,
				80D1EE4F27CDF01D00F1B2F9 /* Release */,
			);
			defaultConfigurationIsVisible = 0;
			defaultConfigurationName = Release;
		};
		80D1EE5027CDF01D00F1B2F9 /* Build configuration list for PBXNativeTarget "Wordle" */ = {
			isa = XCConfigurationList;
			buildConfigurations = (
				80D1EE5127CDF01D00F1B2F9 /* Debug */,
				80D1EE5227CDF01D00F1B2F9 /* Release */,
			);
			defaultConfigurationIsVisible = 0;
			defaultConfigurationName = Release;
		};
/* End XCConfigurationList section */
	};
	rootObject = 80D1EE3A27CDF01A00F1B2F9 /* Project object */;
}
